
Microsoft Visual Studio Solution File, Format Version 12.00
# Visual Studio Version 17
VisualStudioVersion = 17.9.34728.123
MinimumVisualStudioVersion = 10.0.40219.1
Project("{FAE04EC0-301F-11D3-BF4B-00C04F79EFBC}") = "Models", "Models\Models.csproj", "{9FE19EB5-A5FA-43D8-9F3B-9F19C6022269}"
EndProject
Global
	GlobalSection(SolutionConfigurationPlatforms) = preSolution
		Debug|Any CPU = Debug|Any CPU
		Release|Any CPU = Release|Any CPU
	EndGlobalSection
	GlobalSection(ProjectConfigurationPlatforms) = postSolution
		{9FE19EB5-A5FA-43D8-9F3B-9F19C6022269}.Debug|Any CPU.ActiveCfg = Debug|Any CPU
		{9FE19EB5-A5FA-43D8-9F3B-9F19C6022269}.Debug|Any CPU.Build.0 = Debug|Any CPU
		{9FE19EB5-A5FA-43D8-9F3B-9F19C6022269}.Release|Any CPU.ActiveCfg = Release|Any CPU
		{9FE19EB5-A5FA-43D8-9F3B-9F19C6022269}.Release|Any CPU.Build.0 = Release|Any CPU
	EndGlobalSection
	GlobalSection(SolutionProperties) = preSolution
		HideSolutionNode = FALSE
	EndGlobalSection
	GlobalSection(ExtensibilityGlobals) = postSolution
		SolutionGuid = {CFAA743F-2674-4176-9357-1ED71C7E10A9}
	EndGlobalSection
EndGlobal
